
Microsoft Visual Studio Solution File, Format Version 12.00
# Visual Studio 15
VisualStudioVersion = 15.0.27130.2010
MinimumVisualStudioVersion = 10.0.40219.1
Project("{8BC9CEB8-8B4A-11D0-8D11-00A0C91BC942}") = "TestSdl", "TestSdl\TestSdl.vcxproj", "{FC54FAC1-6441-48FC-9322-998A94FD6381}"
EndProject
Project("{8BC9CEB8-8B4A-11D0-8D11-00A0C91BC942}") = "AudioPlayer", "AudioPlayer\AudioPlayer.vcxproj", "{9FD34355-B09E-4A18-BBAC-BCA039BD406D}"
EndProject
Project("{8BC9CEB8-8B4A-11D0-8D11-00A0C91BC942}") = "FFmpegSamples", "FFmpegSamples\FFmpegSamples.vcxproj", "{CC8ADC81-338B-4BBC-AD6D-022CED20FF5C}"
EndProject
Project("{8BC9CEB8-8B4A-11D0-8D11-00A0C91BC942}") = "HuyaAudioPlayer", "HuyaAudioPlayer\HuyaAudioPlayer.vcxproj", "{79045021-C178-4DFB-8595-D57AE77FA231}"
EndProject
Global
	GlobalSection(SolutionConfigurationPlatforms) = preSolution
		Debug|x64 = Debug|x64
		Debug|x86 = Debug|x86
		Release|x64 = Release|x64
		Release|x86 = Release|x86
	EndGlobalSection
	GlobalSection(ProjectConfigurationPlatforms) = postSolution
		{FC54FAC1-6441-48FC-9322-998A94FD6381}.Debug|x64.ActiveCfg = Debug|x64
		{FC54FAC1-6441-48FC-9322-998A94FD6381}.Debug|x64.Build.0 = Debug|x64
		{FC54FAC1-6441-48FC-9322-998A94FD6381}.Debug|x86.ActiveCfg = Debug|Win32
		{FC54FAC1-6441-48FC-9322-998A94FD6381}.Debug|x86.Build.0 = Debug|Win32
		{FC54FAC1-6441-48FC-9322-998A94FD6381}.Release|x64.ActiveCfg = Release|x64
		{FC54FAC1-6441-48FC-9322-998A94FD6381}.Release|x64.Build.0 = Release|x64
		{FC54FAC1-6441-48FC-9322-998A94FD6381}.Release|x86.ActiveCfg = Release|Win32
		{FC54FAC1-6441-48FC-9322-998A94FD6381}.Release|x86.Build.0 = Release|Win32
		{9FD34355-B09E-4A18-BBAC-BCA039BD406D}.Debug|x64.ActiveCfg = Debug|x64
		{9FD34355-B09E-4A18-BBAC-BCA039BD406D}.Debug|x64.Build.0 = Debug|x64
		{9FD34355-B09E-4A18-BBAC-BCA039BD406D}.Debug|x86.ActiveCfg = Debug|Win32
		{9FD34355-B09E-4A18-BBAC-BCA039BD406D}.Debug|x86.Build.0 = Debug|Win32
		{9FD34355-B09E-4A18-BBAC-BCA039BD406D}.Release|x64.ActiveCfg = Release|x64
		{9FD34355-B09E-4A18-BBAC-BCA039BD406D}.Release|x64.Build.0 = Release|x64
		{9FD34355-B09E-4A18-BBAC-BCA039BD406D}.Release|x86.ActiveCfg = Release|Win32
		{9FD34355-B09E-4A18-BBAC-BCA039BD406D}.Release|x86.Build.0 = Release|Win32
		{CC8ADC81-338B-4BBC-AD6D-022CED20FF5C}.Debug|x64.ActiveCfg = Debug|x64
		{CC8ADC81-338B-4BBC-AD6D-022CED20FF5C}.Debug|x64.Build.0 = Debug|x64
		{CC8ADC81-338B-4BBC-AD6D-022CED20FF5C}.Debug|x86.ActiveCfg = Debug|Win32
		{CC8ADC81-338B-4BBC-AD6D-022CED20FF5C}.Debug|x86.Build.0 = Debug|Win32
		{CC8ADC81-338B-4BBC-AD6D-022CED20FF5C}.Release|x64.ActiveCfg = Release|x64
		{CC8ADC81-338B-4BBC-AD6D-022CED20FF5C}.Release|x64.Build.0 = Release|x64
		{CC8ADC81-338B-4BBC-AD6D-022CED20FF5C}.Release|x86.ActiveCfg = Release|Win32
		{CC8ADC81-338B-4BBC-AD6D-022CED20FF5C}.Release|x86.Build.0 = Release|Win32
		{79045021-C178-4DFB-8595-D57AE77FA231}.Debug|x64.ActiveCfg = Debug|x64
		{79045021-C178-4DFB-8595-D57AE77FA231}.Debug|x64.Build.0 = Debug|x64
		{79045021-C178-4DFB-8595-D57AE77FA231}.Debug|x86.ActiveCfg = Debug|Win32
		{79045021-C178-4DFB-8595-D57AE77FA231}.Debug|x86.Build.0 = Debug|Win32
		{79045021-C178-4DFB-8595-D57AE77FA231}.Release|x64.ActiveCfg = Release|x64
		{79045021-C178-4DFB-8595-D57AE77FA231}.Release|x64.Build.0 = Release|x64
		{79045021-C178-4DFB-8595-D57AE77FA231}.Release|x86.ActiveCfg = Release|Win32
		{79045021-C178-4DFB-8595-D57AE77FA231}.Release|x86.Build.0 = Release|Win32
	EndGlobalSection
	GlobalSection(SolutionProperties) = preSolution
		HideSolutionNode = FALSE
	EndGlobalSection
	GlobalSection(ExtensibilityGlobals) = postSolution
		SolutionGuid = {D5EAB9DE-5A02-4F0D-861B-114ECA479716}
	EndGlobalSection
EndGlobal
