
Microsoft Visual Studio Solution File, Format Version 12.00
# Visual Studio 15
VisualStudioVersion = 15.0.27130.2027
MinimumVisualStudioVersion = 10.0.40219.1
Project("{8BC9CEB8-8B4A-11D0-8D11-00A0C91BC942}") = "AudioPlayer", "AudioPlayer\AudioPlayer.vcxproj", "{9FD34355-B09E-4A18-BBAC-BCA039BD406D}"
EndProject
Project("{8BC9CEB8-8B4A-11D0-8D11-00A0C91BC942}") = "FFmpegSamples", "FFmpegSamples\FFmpegSamples.vcxproj", "{CC8ADC81-338B-4BBC-AD6D-022CED20FF5C}"
EndProject
Project("{8BC9CEB8-8B4A-11D0-8D11-00A0C91BC942}") = "VideoPlayer", "VideoPlayer\VideoPlayer.vcxproj", "{9D7370E9-B86F-4EB0-A74B-2A4EDF1D72D4}"
EndProject
Project("{8BC9CEB8-8B4A-11D0-8D11-00A0C91BC942}") = "sdl2", "sdl2\sdl2.vcxproj", "{81CE8DAF-EBB2-4761-8E45-B71ABCCA8C68}"
EndProject
Project("{2150E333-8FDC-42A3-9474-1A3956D46DE8}") = "Solution Items", "Solution Items", "{A9897D9F-C7AD-4E4E-9386-870D109C199A}"
	ProjectSection(SolutionItems) = preProject
		ffmpeg.natvis = ffmpeg.natvis
	EndProjectSection
EndProject
Global
	GlobalSection(SolutionConfigurationPlatforms) = preSolution
		Debug|x64 = Debug|x64
		Debug|x86 = Debug|x86
		Release|x64 = Release|x64
		Release|x86 = Release|x86
	EndGlobalSection
	GlobalSection(ProjectConfigurationPlatforms) = postSolution
		{9FD34355-B09E-4A18-BBAC-BCA039BD406D}.Debug|x64.ActiveCfg = Debug|x64
		{9FD34355-B09E-4A18-BBAC-BCA039BD406D}.Debug|x64.Build.0 = Debug|x64
		{9FD34355-B09E-4A18-BBAC-BCA039BD406D}.Debug|x86.ActiveCfg = Debug|Win32
		{9FD34355-B09E-4A18-BBAC-BCA039BD406D}.Debug|x86.Build.0 = Debug|Win32
		{9FD34355-B09E-4A18-BBAC-BCA039BD406D}.Release|x64.ActiveCfg = Release|x64
		{9FD34355-B09E-4A18-BBAC-BCA039BD406D}.Release|x64.Build.0 = Release|x64
		{9FD34355-B09E-4A18-BBAC-BCA039BD406D}.Release|x86.ActiveCfg = Release|Win32
		{9FD34355-B09E-4A18-BBAC-BCA039BD406D}.Release|x86.Build.0 = Release|Win32
		{CC8ADC81-338B-4BBC-AD6D-022CED20FF5C}.Debug|x64.ActiveCfg = Debug|x64
		{CC8ADC81-338B-4BBC-AD6D-022CED20FF5C}.Debug|x64.Build.0 = Debug|x64
		{CC8ADC81-338B-4BBC-AD6D-022CED20FF5C}.Debug|x86.ActiveCfg = Debug|Win32
		{CC8ADC81-338B-4BBC-AD6D-022CED20FF5C}.Debug|x86.Build.0 = Debug|Win32
		{CC8ADC81-338B-4BBC-AD6D-022CED20FF5C}.Release|x64.ActiveCfg = Release|x64
		{CC8ADC81-338B-4BBC-AD6D-022CED20FF5C}.Release|x64.Build.0 = Release|x64
		{CC8ADC81-338B-4BBC-AD6D-022CED20FF5C}.Release|x86.ActiveCfg = Release|Win32
		{CC8ADC81-338B-4BBC-AD6D-022CED20FF5C}.Release|x86.Build.0 = Release|Win32
		{9D7370E9-B86F-4EB0-A74B-2A4EDF1D72D4}.Debug|x64.ActiveCfg = Debug|x64
		{9D7370E9-B86F-4EB0-A74B-2A4EDF1D72D4}.Debug|x64.Build.0 = Debug|x64
		{9D7370E9-B86F-4EB0-A74B-2A4EDF1D72D4}.Debug|x86.ActiveCfg = Debug|Win32
		{9D7370E9-B86F-4EB0-A74B-2A4EDF1D72D4}.Debug|x86.Build.0 = Debug|Win32
		{9D7370E9-B86F-4EB0-A74B-2A4EDF1D72D4}.Release|x64.ActiveCfg = Release|x64
		{9D7370E9-B86F-4EB0-A74B-2A4EDF1D72D4}.Release|x64.Build.0 = Release|x64
		{9D7370E9-B86F-4EB0-A74B-2A4EDF1D72D4}.Release|x86.ActiveCfg = Release|Win32
		{9D7370E9-B86F-4EB0-A74B-2A4EDF1D72D4}.Release|x86.Build.0 = Release|Win32
		{81CE8DAF-EBB2-4761-8E45-B71ABCCA8C68}.Debug|x64.ActiveCfg = Debug|x64
		{81CE8DAF-EBB2-4761-8E45-B71ABCCA8C68}.Debug|x86.ActiveCfg = Debug|Win32
		{81CE8DAF-EBB2-4761-8E45-B71ABCCA8C68}.Debug|x86.Build.0 = Debug|Win32
		{81CE8DAF-EBB2-4761-8E45-B71ABCCA8C68}.Release|x64.ActiveCfg = Release|x64
		{81CE8DAF-EBB2-4761-8E45-B71ABCCA8C68}.Release|x64.Build.0 = Release|x64
		{81CE8DAF-EBB2-4761-8E45-B71ABCCA8C68}.Release|x86.ActiveCfg = Release|Win32
		{81CE8DAF-EBB2-4761-8E45-B71ABCCA8C68}.Release|x86.Build.0 = Release|Win32
	EndGlobalSection
	GlobalSection(SolutionProperties) = preSolution
		HideSolutionNode = FALSE
	EndGlobalSection
	GlobalSection(ExtensibilityGlobals) = postSolution
		SolutionGuid = {D5EAB9DE-5A02-4F0D-861B-114ECA479716}
	EndGlobalSection
EndGlobal
