<?xml version="1.0" encoding="utf-8"?>
<Project ToolsVersion="4.0" xmlns="http://schemas.microsoft.com/developer/msbuild/2003">
  <ItemGroup>
    <ClInclude Include="stdafx.h" />
    <ClInclude Include="avobject.h" />
    <ClInclude Include="IMedia.h" />
    <ClInclude Include="com_ptr.h" />
    <ClInclude Include="MMAudioPlayer.h" />
    <ClInclude Include="FFmpegAudioDecoder.h" />
    <ClInclude Include="FFmpegVideoDecoder.h" />
    <ClInclude Include="FFmpegDemuxer.h" />
    <ClInclude Include="D3D9SurfaceVideoPlayer.h" />
    <ClInclude Include="D3D9Factory.h" />
    <ClInclude Include="VideoRenderWindow.h" />
    <ClInclude Include="D3D9Device.h" />
  </ItemGroup>
  <ItemGroup>
    <ClCompile Include="stdafx.cpp" />
    <ClCompile Include="main.cpp" />
    <ClCompile Include="com_ptr.cpp" />
    <ClCompile Include="MMAudioPlayer.cpp" />
    <ClCompile Include="FFmpegAudioDecoder.cpp" />
    <ClCompile Include="FFmpegVideoDecoder.cpp" />
    <ClCompile Include="FFmpegDemuxer.cpp" />
    <ClCompile Include="D3D9SurfaceVideoPlayer.cpp" />
    <ClCompile Include="D3D9Factory.cpp" />
    <ClCompile Include="VideoRenderWindow.cpp" />
    <ClCompile Include="D3D9Device.cpp" />
  </ItemGroup>
</Project>